
Microsoft Visual Studio Solution File, Format Version 12.00
# Visual Studio 15
VisualStudioVersion = 15.0.27130.2020
MinimumVisualStudioVersion = 10.0.40219.1
Project("{FAE04EC0-301F-11D3-BF4B-00C04F79EFBC}") = "이수연_05", "이수연_05\이수연_05.csproj", "{50CBB6F5-8866-4BC9-A371-29F3FA82A19E}"
EndProject
Global
	GlobalSection(SolutionConfigurationPlatforms) = preSolution
		Debug|Any CPU = Debug|Any CPU
		Release|Any CPU = Release|Any CPU
	EndGlobalSection
	GlobalSection(ProjectConfigurationPlatforms) = postSolution
		{50CBB6F5-8866-4BC9-A371-29F3FA82A19E}.Debug|Any CPU.ActiveCfg = Debug|Any CPU
		{50CBB6F5-8866-4BC9-A371-29F3FA82A19E}.Debug|Any CPU.Build.0 = Debug|Any CPU
		{50CBB6F5-8866-4BC9-A371-29F3FA82A19E}.Release|Any CPU.ActiveCfg = Release|Any CPU
		{50CBB6F5-8866-4BC9-A371-29F3FA82A19E}.Release|Any CPU.Build.0 = Release|Any CPU
	EndGlobalSection
	GlobalSection(SolutionProperties) = preSolution
		HideSolutionNode = FALSE
	EndGlobalSection
	GlobalSection(ExtensibilityGlobals) = postSolution
		SolutionGuid = {12CF1799-FE2D-4388-B166-F5780F1D91C8}
	EndGlobalSection
EndGlobal
