
Microsoft Visual Studio Solution File, Format Version 12.00
# Visual Studio 15
VisualStudioVersion = 15.0.27130.2020
MinimumVisualStudioVersion = 10.0.40219.1
Project("{FAE04EC0-301F-11D3-BF4B-00C04F79EFBC}") = "이수연_숙제01", "이수연_숙제01\이수연_숙제01.csproj", "{B388D678-7F8B-4E90-8E11-326C7EF29837}"
EndProject
Global
	GlobalSection(SolutionConfigurationPlatforms) = preSolution
		Debug|Any CPU = Debug|Any CPU
		Release|Any CPU = Release|Any CPU
	EndGlobalSection
	GlobalSection(ProjectConfigurationPlatforms) = postSolution
		{B388D678-7F8B-4E90-8E11-326C7EF29837}.Debug|Any CPU.ActiveCfg = Debug|Any CPU
		{B388D678-7F8B-4E90-8E11-326C7EF29837}.Debug|Any CPU.Build.0 = Debug|Any CPU
		{B388D678-7F8B-4E90-8E11-326C7EF29837}.Release|Any CPU.ActiveCfg = Release|Any CPU
		{B388D678-7F8B-4E90-8E11-326C7EF29837}.Release|Any CPU.Build.0 = Release|Any CPU
	EndGlobalSection
	GlobalSection(SolutionProperties) = preSolution
		HideSolutionNode = FALSE
	EndGlobalSection
	GlobalSection(ExtensibilityGlobals) = postSolution
		SolutionGuid = {E7C3496B-A995-4530-BC4F-EC8CA8A631B8}
	EndGlobalSection
EndGlobal
