
Microsoft Visual Studio Solution File, Format Version 12.00
# Visual Studio 15
VisualStudioVersion = 15.0.27130.2020
MinimumVisualStudioVersion = 10.0.40219.1
Project("{FAE04EC0-301F-11D3-BF4B-00C04F79EFBC}") = "이수연_실습01", "이수연_실습01\이수연_실습01.csproj", "{224F5CD4-8C91-47BE-95E5-615F2A1C17DA}"
EndProject
Global
	GlobalSection(SolutionConfigurationPlatforms) = preSolution
		Debug|Any CPU = Debug|Any CPU
		Release|Any CPU = Release|Any CPU
	EndGlobalSection
	GlobalSection(ProjectConfigurationPlatforms) = postSolution
		{224F5CD4-8C91-47BE-95E5-615F2A1C17DA}.Debug|Any CPU.ActiveCfg = Debug|Any CPU
		{224F5CD4-8C91-47BE-95E5-615F2A1C17DA}.Debug|Any CPU.Build.0 = Debug|Any CPU
		{224F5CD4-8C91-47BE-95E5-615F2A1C17DA}.Release|Any CPU.ActiveCfg = Release|Any CPU
		{224F5CD4-8C91-47BE-95E5-615F2A1C17DA}.Release|Any CPU.Build.0 = Release|Any CPU
	EndGlobalSection
	GlobalSection(SolutionProperties) = preSolution
		HideSolutionNode = FALSE
	EndGlobalSection
	GlobalSection(ExtensibilityGlobals) = postSolution
		SolutionGuid = {82EE09A8-AF6A-497E-8003-BBB57843B74A}
	EndGlobalSection
EndGlobal
