
Microsoft Visual Studio Solution File, Format Version 12.00
# Visual Studio 15
VisualStudioVersion = 15.0.27130.2020
MinimumVisualStudioVersion = 10.0.40219.1
Project("{FAE04EC0-301F-11D3-BF4B-00C04F79EFBC}") = "이수연_1018", "이수연_1018\이수연_1018.csproj", "{5252AE05-67D0-44B9-B3D7-E3DEA8D7E984}"
EndProject
Global
	GlobalSection(SolutionConfigurationPlatforms) = preSolution
		Debug|Any CPU = Debug|Any CPU
		Release|Any CPU = Release|Any CPU
	EndGlobalSection
	GlobalSection(ProjectConfigurationPlatforms) = postSolution
		{5252AE05-67D0-44B9-B3D7-E3DEA8D7E984}.Debug|Any CPU.ActiveCfg = Debug|Any CPU
		{5252AE05-67D0-44B9-B3D7-E3DEA8D7E984}.Debug|Any CPU.Build.0 = Debug|Any CPU
		{5252AE05-67D0-44B9-B3D7-E3DEA8D7E984}.Release|Any CPU.ActiveCfg = Release|Any CPU
		{5252AE05-67D0-44B9-B3D7-E3DEA8D7E984}.Release|Any CPU.Build.0 = Release|Any CPU
	EndGlobalSection
	GlobalSection(SolutionProperties) = preSolution
		HideSolutionNode = FALSE
	EndGlobalSection
	GlobalSection(ExtensibilityGlobals) = postSolution
		SolutionGuid = {580BE421-7AD6-46F5-B7FD-91DD167A58A7}
	EndGlobalSection
EndGlobal
